
Microsoft Visual Studio Solution File, Format Version 12.00
# Visual Studio 15
VisualStudioVersion = 15.0.28010.2050
MinimumVisualStudioVersion = 10.0.40219.1
Project("{8BC9CEB8-8B4A-11D0-8D11-00A0C91BC942}") = "sabcode", "sabcode\sabcode.vcxproj", "{EFD68D43-FED2-4892-9C57-0A50E7E31D23}"
EndProject
Global
	GlobalSection(SolutionConfigurationPlatforms) = preSolution
		Debug|x64 = Debug|x64
		Debug|x86 = Debug|x86
		Release|x64 = Release|x64
		Release|x86 = Release|x86
	EndGlobalSection
	GlobalSection(ProjectConfigurationPlatforms) = postSolution
		{EFD68D43-FED2-4892-9C57-0A50E7E31D23}.Debug|x64.ActiveCfg = Debug|x64
		{EFD68D43-FED2-4892-9C57-0A50E7E31D23}.Debug|x64.Build.0 = Debug|x64
		{EFD68D43-FED2-4892-9C57-0A50E7E31D23}.Debug|x86.ActiveCfg = Debug|Win32
		{EFD68D43-FED2-4892-9C57-0A50E7E31D23}.Debug|x86.Build.0 = Debug|Win32
		{EFD68D43-FED2-4892-9C57-0A50E7E31D23}.Release|x64.ActiveCfg = Release|x64
		{EFD68D43-FED2-4892-9C57-0A50E7E31D23}.Release|x64.Build.0 = Release|x64
		{EFD68D43-FED2-4892-9C57-0A50E7E31D23}.Release|x86.ActiveCfg = Release|Win32
		{EFD68D43-FED2-4892-9C57-0A50E7E31D23}.Release|x86.Build.0 = Release|Win32
	EndGlobalSection
	GlobalSection(SolutionProperties) = preSolution
		HideSolutionNode = FALSE
	EndGlobalSection
	GlobalSection(ExtensibilityGlobals) = postSolution
		SolutionGuid = {E5EC2C4B-BD5E-4024-85B0-DE7A2750620A}
	EndGlobalSection
EndGlobal
